// !$*UTF8*$!
{
	archiveVersion = 1;
	classes = {
	};
	objectVersion = 56;
	objects = {

/* Begin PBXBuildFile section */
		D580058E2A93FF3B0071E62A /* AppDelegate.swift in Sources */ = {isa = PBXBuildFile; fileRef = D580058D2A93FF3B0071E62A /* AppDelegate.swift */; };
		D58005902A93FF3B0071E62A /* SceneDelegate.swift in Sources */ = {isa = PBXBuildFile; fileRef = D580058F2A93FF3B0071E62A /* SceneDelegate.swift */; };
		D58005922A93FF3B0071E62A /* ViewController.swift in Sources */ = {isa = PBXBuildFile; fileRef = D58005912A93FF3B0071E62A /* ViewController.swift */; };
		D58005972A93FF3C0071E62A /* Assets.xcassets in Resources */ = {isa = PBXBuildFile; fileRef = D58005962A93FF3C0071E62A /* Assets.xcassets */; };
		D580059A2A93FF3C0071E62A /* LaunchScreen.storyboard in Resources */ = {isa = PBXBuildFile; fileRef = D58005982A93FF3C0071E62A /* LaunchScreen.storyboard */; };
		D58005A52A9400040071E62A /* HomePresenter.swift in Sources */ = {isa = PBXBuildFile; fileRef = D58005A42A9400040071E62A /* HomePresenter.swift */; };
		D58005A82A94001B0071E62A /* HomeInteractor.swift in Sources */ = {isa = PBXBuildFile; fileRef = D58005A72A94001B0071E62A /* HomeInteractor.swift */; };
		D58005AB2A9400350071E62A /* HomeEntity.swift in Sources */ = {isa = PBXBuildFile; fileRef = D58005AA2A9400350071E62A /* HomeEntity.swift */; };
		D58005AD2A9400560071E62A /* HomeRouter.swift in Sources */ = {isa = PBXBuildFile; fileRef = D58005AC2A9400560071E62A /* HomeRouter.swift */; };
		D58005B22A953C1C0071E62A /* SongListRow.swift in Sources */ = {isa = PBXBuildFile; fileRef = D58005B12A953C1C0071E62A /* SongListRow.swift */; };
		D58005B52A953C670071E62A /* View+Extension.swift in Sources */ = {isa = PBXBuildFile; fileRef = D58005B42A953C670071E62A /* View+Extension.swift */; };
		D58005B92A95E1A10071E62A /* HomeDataBinder.swift in Sources */ = {isa = PBXBuildFile; fileRef = D58005B82A95E1A10071E62A /* HomeDataBinder.swift */; };
		D58005C72A9646900071E62A /* DataBinder.swift in Sources */ = {isa = PBXBuildFile; fileRef = D58005C62A9646900071E62A /* DataBinder.swift */; };
/* End PBXBuildFile section */

/* Begin PBXFileReference section */
		D580058A2A93FF3B0071E62A /* RomoPlayer.app */ = {isa = PBXFileReference; explicitFileType = wrapper.application; includeInIndex = 0; path = RomoPlayer.app; sourceTree = BUILT_PRODUCTS_DIR; };
		D580058D2A93FF3B0071E62A /* AppDelegate.swift */ = {isa = PBXFileReference; lastKnownFileType = sourcecode.swift; path = AppDelegate.swift; sourceTree = "<group>"; };
		D580058F2A93FF3B0071E62A /* SceneDelegate.swift */ = {isa = PBXFileReference; lastKnownFileType = sourcecode.swift; path = SceneDelegate.swift; sourceTree = "<group>"; };
		D58005912A93FF3B0071E62A /* ViewController.swift */ = {isa = PBXFileReference; lastKnownFileType = sourcecode.swift; path = ViewController.swift; sourceTree = "<group>"; };
		D58005962A93FF3C0071E62A /* Assets.xcassets */ = {isa = PBXFileReference; lastKnownFileType = folder.assetcatalog; path = Assets.xcassets; sourceTree = "<group>"; };
		D58005992A93FF3C0071E62A /* Base */ = {isa = PBXFileReference; lastKnownFileType = file.storyboard; name = Base; path = Base.lproj/LaunchScreen.storyboard; sourceTree = "<group>"; };
		D580059B2A93FF3C0071E62A /* Info.plist */ = {isa = PBXFileReference; lastKnownFileType = text.plist.xml; path = Info.plist; sourceTree = "<group>"; };
		D58005A42A9400040071E62A /* HomePresenter.swift */ = {isa = PBXFileReference; lastKnownFileType = sourcecode.swift; path = HomePresenter.swift; sourceTree = "<group>"; };
		D58005A72A94001B0071E62A /* HomeInteractor.swift */ = {isa = PBXFileReference; lastKnownFileType = sourcecode.swift; path = HomeInteractor.swift; sourceTree = "<group>"; };
		D58005AA2A9400350071E62A /* HomeEntity.swift */ = {isa = PBXFileReference; lastKnownFileType = sourcecode.swift; path = HomeEntity.swift; sourceTree = "<group>"; };
		D58005AC2A9400560071E62A /* HomeRouter.swift */ = {isa = PBXFileReference; lastKnownFileType = sourcecode.swift; path = HomeRouter.swift; sourceTree = "<group>"; };
		D58005B12A953C1C0071E62A /* SongListRow.swift */ = {isa = PBXFileReference; lastKnownFileType = sourcecode.swift; path = SongListRow.swift; sourceTree = "<group>"; };
		D58005B42A953C670071E62A /* View+Extension.swift */ = {isa = PBXFileReference; lastKnownFileType = sourcecode.swift; path = "View+Extension.swift"; sourceTree = "<group>"; };
		D58005B82A95E1A10071E62A /* HomeDataBinder.swift */ = {isa = PBXFileReference; lastKnownFileType = sourcecode.swift; path = HomeDataBinder.swift; sourceTree = "<group>"; };
		D58005C62A9646900071E62A /* DataBinder.swift */ = {isa = PBXFileReference; lastKnownFileType = sourcecode.swift; path = DataBinder.swift; sourceTree = "<group>"; };
/* End PBXFileReference section */

/* Begin PBXFrameworksBuildPhase section */
		D58005872A93FF3B0071E62A /* Frameworks */ = {
			isa = PBXFrameworksBuildPhase;
			buildActionMask = 2147483647;
			files = (
			);
			runOnlyForDeploymentPostprocessing = 0;
		};
/* End PBXFrameworksBuildPhase section */

/* Begin PBXGroup section */
		D58005812A93FF3B0071E62A = {
			isa = PBXGroup;
			children = (
				D580058C2A93FF3B0071E62A /* RomoPlayer */,
				D580058B2A93FF3B0071E62A /* Products */,
			);
			sourceTree = "<group>";
		};
		D580058B2A93FF3B0071E62A /* Products */ = {
			isa = PBXGroup;
			children = (
				D580058A2A93FF3B0071E62A /* RomoPlayer.app */,
			);
			name = Products;
			sourceTree = "<group>";
		};
		D580058C2A93FF3B0071E62A /* RomoPlayer */ = {
			isa = PBXGroup;
			children = (
				D58005A22A93FFE00071E62A /* Home */,
				D580058D2A93FF3B0071E62A /* AppDelegate.swift */,
				D580058F2A93FF3B0071E62A /* SceneDelegate.swift */,
				D58005962A93FF3C0071E62A /* Assets.xcassets */,
				D58005982A93FF3C0071E62A /* LaunchScreen.storyboard */,
				D580059B2A93FF3C0071E62A /* Info.plist */,
			);
			path = RomoPlayer;
			sourceTree = "<group>";
		};
		D58005A12A93FFD80071E62A /* View */ = {
			isa = PBXGroup;
			children = (
				D58005912A93FF3B0071E62A /* ViewController.swift */,
				D58005B12A953C1C0071E62A /* SongListRow.swift */,
			);
			path = View;
			sourceTree = "<group>";
		};
		D58005A22A93FFE00071E62A /* Home */ = {
			isa = PBXGroup;
			children = (
				D58005B32A953C590071E62A /* Common */,
				D58005AE2A9401C40071E62A /* Router */,
				D58005A92A9400280071E62A /* Entity */,
				D58005A62A94000D0071E62A /* Interactor */,
				D58005A32A93FFEB0071E62A /* Presenter */,
				D58005A12A93FFD80071E62A /* View */,
			);
			path = Home;
			sourceTree = "<group>";
		};
		D58005A32A93FFEB0071E62A /* Presenter */ = {
			isa = PBXGroup;
			children = (
				D58005A42A9400040071E62A /* HomePresenter.swift */,
				D58005B82A95E1A10071E62A /* HomeDataBinder.swift */,
			);
			path = Presenter;
			sourceTree = "<group>";
		};
		D58005A62A94000D0071E62A /* Interactor */ = {
			isa = PBXGroup;
			children = (
				D58005A72A94001B0071E62A /* HomeInteractor.swift */,
			);
			path = Interactor;
			sourceTree = "<group>";
		};
		D58005A92A9400280071E62A /* Entity */ = {
			isa = PBXGroup;
			children = (
				D58005AA2A9400350071E62A /* HomeEntity.swift */,
			);
			path = Entity;
			sourceTree = "<group>";
		};
		D58005AE2A9401C40071E62A /* Router */ = {
			isa = PBXGroup;
			children = (
				D58005AC2A9400560071E62A /* HomeRouter.swift */,
			);
			path = Router;
			sourceTree = "<group>";
		};
		D58005B32A953C590071E62A /* Common */ = {
			isa = PBXGroup;
			children = (
				D58005B42A953C670071E62A /* View+Extension.swift */,
				D58005C62A9646900071E62A /* DataBinder.swift */,
			);
			path = Common;
			sourceTree = "<group>";
		};
/* End PBXGroup section */

/* Begin PBXNativeTarget section */
		D58005892A93FF3B0071E62A /* RomoPlayer */ = {
			isa = PBXNativeTarget;
			buildConfigurationList = D580059E2A93FF3C0071E62A /* Build configuration list for PBXNativeTarget "RomoPlayer" */;
			buildPhases = (
				D58005862A93FF3B0071E62A /* Sources */,
				D58005872A93FF3B0071E62A /* Frameworks */,
				D58005882A93FF3B0071E62A /* Resources */,
			);
			buildRules = (
			);
			dependencies = (
			);
			name = RomoPlayer;
			productName = RomoPlayer;
			productReference = D580058A2A93FF3B0071E62A /* RomoPlayer.app */;
			productType = "com.apple.product-type.application";
		};
/* End PBXNativeTarget section */

/* Begin PBXProject section */
		D58005822A93FF3B0071E62A /* Project object */ = {
			isa = PBXProject;
			attributes = {
				BuildIndependentTargetsInParallel = 1;
				LastSwiftUpdateCheck = 1430;
				LastUpgradeCheck = 1430;
				TargetAttributes = {
					D58005892A93FF3B0071E62A = {
						CreatedOnToolsVersion = 14.3.1;
					};
				};
			};
			buildConfigurationList = D58005852A93FF3B0071E62A /* Build configuration list for PBXProject "RomoPlayer" */;
			compatibilityVersion = "Xcode 14.0";
			developmentRegion = en;
			hasScannedForEncodings = 0;
			knownRegions = (
				en,
				Base,
			);
			mainGroup = D58005812A93FF3B0071E62A;
			productRefGroup = D580058B2A93FF3B0071E62A /* Products */;
			projectDirPath = "";
			projectRoot = "";
			targets = (
				D58005892A93FF3B0071E62A /* RomoPlayer */,
			);
		};
/* End PBXProject section */

/* Begin PBXResourcesBuildPhase section */
		D58005882A93FF3B0071E62A /* Resources */ = {
			isa = PBXResourcesBuildPhase;
			buildActionMask = 2147483647;
			files = (
				D580059A2A93FF3C0071E62A /* LaunchScreen.storyboard in Resources */,
				D58005972A93FF3C0071E62A /* Assets.xcassets in Resources */,
			);
			runOnlyForDeploymentPostprocessing = 0;
		};
/* End PBXResourcesBuildPhase section */

/* Begin PBXSourcesBuildPhase section */
		D58005862A93FF3B0071E62A /* Sources */ = {
			isa = PBXSourcesBuildPhase;
			buildActionMask = 2147483647;
			files = (
				D58005922A93FF3B0071E62A /* ViewController.swift in Sources */,
				D58005AB2A9400350071E62A /* HomeEntity.swift in Sources */,
				D58005C72A9646900071E62A /* DataBinder.swift in Sources */,
				D58005AD2A9400560071E62A /* HomeRouter.swift in Sources */,
				D580058E2A93FF3B0071E62A /* AppDelegate.swift in Sources */,
				D58005902A93FF3B0071E62A /* SceneDelegate.swift in Sources */,
				D58005A82A94001B0071E62A /* HomeInteractor.swift in Sources */,
				D58005A52A9400040071E62A /* HomePresenter.swift in Sources */,
				D58005B52A953C670071E62A /* View+Extension.swift in Sources */,
				D58005B92A95E1A10071E62A /* HomeDataBinder.swift in Sources */,
				D58005B22A953C1C0071E62A /* SongListRow.swift in Sources */,
			);
			runOnlyForDeploymentPostprocessing = 0;
		};
/* End PBXSourcesBuildPhase section */

/* Begin PBXVariantGroup section */
		D58005982A93FF3C0071E62A /* LaunchScreen.storyboard */ = {
			isa = PBXVariantGroup;
			children = (
				D58005992A93FF3C0071E62A /* Base */,
			);
			name = LaunchScreen.storyboard;
			sourceTree = "<group>";
		};
/* End PBXVariantGroup section */

/* Begin XCBuildConfiguration section */
		D580059C2A93FF3C0071E62A /* Debug */ = {
			isa = XCBuildConfiguration;
			buildSettings = {
				ALWAYS_SEARCH_USER_PATHS = NO;
				CLANG_ANALYZER_NONNULL = YES;
				CLANG_ANALYZER_NUMBER_OBJECT_CONVERSION = YES_AGGRESSIVE;
				CLANG_CXX_LANGUAGE_STANDARD = "gnu++20";
				CLANG_ENABLE_MODULES = YES;
				CLANG_ENABLE_OBJC_ARC = YES;
				CLANG_ENABLE_OBJC_WEAK = YES;
				CLANG_WARN_BLOCK_CAPTURE_AUTORELEASING = YES;
				CLANG_WARN_BOOL_CONVERSION = YES;
				CLANG_WARN_COMMA = YES;
				CLANG_WARN_CONSTANT_CONVERSION = YES;
				CLANG_WARN_DEPRECATED_OBJC_IMPLEMENTATIONS = YES;
				CLANG_WARN_DIRECT_OBJC_ISA_USAGE = YES_ERROR;
				CLANG_WARN_DOCUMENTATION_COMMENTS = YES;
				CLANG_WARN_EMPTY_BODY = YES;
				CLANG_WARN_ENUM_CONVERSION = YES;
				CLANG_WARN_INFINITE_RECURSION = YES;
				CLANG_WARN_INT_CONVERSION = YES;
				CLANG_WARN_NON_LITERAL_NULL_CONVERSION = YES;
				CLANG_WARN_OBJC_IMPLICIT_RETAIN_SELF = YES;
				CLANG_WARN_OBJC_LITERAL_CONVERSION = YES;
				CLANG_WARN_OBJC_ROOT_CLASS = YES_ERROR;
				CLANG_WARN_QUOTED_INCLUDE_IN_FRAMEWORK_HEADER = YES;
				CLANG_WARN_RANGE_LOOP_ANALYSIS = YES;
				CLANG_WARN_STRICT_PROTOTYPES = YES;
				CLANG_WARN_SUSPICIOUS_MOVE = YES;
				CLANG_WARN_UNGUARDED_AVAILABILITY = YES_AGGRESSIVE;
				CLANG_WARN_UNREACHABLE_CODE = YES;
				CLANG_WARN__DUPLICATE_METHOD_MATCH = YES;
				COPY_PHASE_STRIP = NO;
				DEBUG_INFORMATION_FORMAT = dwarf;
				ENABLE_STRICT_OBJC_MSGSEND = YES;
				ENABLE_TESTABILITY = YES;
				GCC_C_LANGUAGE_STANDARD = gnu11;
				GCC_DYNAMIC_NO_PIC = NO;
				GCC_NO_COMMON_BLOCKS = YES;
				GCC_OPTIMIZATION_LEVEL = 0;
				GCC_PREPROCESSOR_DEFINITIONS = (
					"DEBUG=1",
					"$(inherited)",
				);
				GCC_WARN_64_TO_32_BIT_CONVERSION = YES;
				GCC_WARN_ABOUT_RETURN_TYPE = YES_ERROR;
				GCC_WARN_UNDECLARED_SELECTOR = YES;
				GCC_WARN_UNINITIALIZED_AUTOS = YES_AGGRESSIVE;
				GCC_WARN_UNUSED_FUNCTION = YES;
				GCC_WARN_UNUSED_VARIABLE = YES;
				IPHONEOS_DEPLOYMENT_TARGET = 16.4;
				MTL_ENABLE_DEBUG_INFO = INCLUDE_SOURCE;
				MTL_FAST_MATH = YES;
				ONLY_ACTIVE_ARCH = YES;
				SDKROOT = iphoneos;
				SWIFT_ACTIVE_COMPILATION_CONDITIONS = DEBUG;
				SWIFT_OPTIMIZATION_LEVEL = "-Onone";
			};
			name = Debug;
		};
		D580059D2A93FF3C0071E62A /* Release */ = {
			isa = XCBuildConfiguration;
			buildSettings = {
				ALWAYS_SEARCH_USER_PATHS = NO;
				CLANG_ANALYZER_NONNULL = YES;
				CLANG_ANALYZER_NUMBER_OBJECT_CONVERSION = YES_AGGRESSIVE;
				CLANG_CXX_LANGUAGE_STANDARD = "gnu++20";
				CLANG_ENABLE_MODULES = YES;
				CLANG_ENABLE_OBJC_ARC = YES;
				CLANG_ENABLE_OBJC_WEAK = YES;
				CLANG_WARN_BLOCK_CAPTURE_AUTORELEASING = YES;
				CLANG_WARN_BOOL_CONVERSION = YES;
				CLANG_WARN_COMMA = YES;
				CLANG_WARN_CONSTANT_CONVERSION = YES;
				CLANG_WARN_DEPRECATED_OBJC_IMPLEMENTATIONS = YES;
				CLANG_WARN_DIRECT_OBJC_ISA_USAGE = YES_ERROR;
				CLANG_WARN_DOCUMENTATION_COMMENTS = YES;
				CLANG_WARN_EMPTY_BODY = YES;
				CLANG_WARN_ENUM_CONVERSION = YES;
				CLANG_WARN_INFINITE_RECURSION = YES;
				CLANG_WARN_INT_CONVERSION = YES;
				CLANG_WARN_NON_LITERAL_NULL_CONVERSION = YES;
				CLANG_WARN_OBJC_IMPLICIT_RETAIN_SELF = YES;
				CLANG_WARN_OBJC_LITERAL_CONVERSION = YES;
				CLANG_WARN_OBJC_ROOT_CLASS = YES_ERROR;
				CLANG_WARN_QUOTED_INCLUDE_IN_FRAMEWORK_HEADER = YES;
				CLANG_WARN_RANGE_LOOP_ANALYSIS = YES;
				CLANG_WARN_STRICT_PROTOTYPES = YES;
				CLANG_WARN_SUSPICIOUS_MOVE = YES;
				CLANG_WARN_UNGUARDED_AVAILABILITY = YES_AGGRESSIVE;
				CLANG_WARN_UNREACHABLE_CODE = YES;
				CLANG_WARN__DUPLICATE_METHOD_MATCH = YES;
				COPY_PHASE_STRIP = NO;
				DEBUG_INFORMATION_FORMAT = "dwarf-with-dsym";
				ENABLE_NS_ASSERTIONS = NO;
				ENABLE_STRICT_OBJC_MSGSEND = YES;
				GCC_C_LANGUAGE_STANDARD = gnu11;
				GCC_NO_COMMON_BLOCKS = YES;
				GCC_WARN_64_TO_32_BIT_CONVERSION = YES;
				GCC_WARN_ABOUT_RETURN_TYPE = YES_ERROR;
				GCC_WARN_UNDECLARED_SELECTOR = YES;
				GCC_WARN_UNINITIALIZED_AUTOS = YES_AGGRESSIVE;
				GCC_WARN_UNUSED_FUNCTION = YES;
				GCC_WARN_UNUSED_VARIABLE = YES;
				IPHONEOS_DEPLOYMENT_TARGET = 16.4;
				MTL_ENABLE_DEBUG_INFO = NO;
				MTL_FAST_MATH = YES;
				SDKROOT = iphoneos;
				SWIFT_COMPILATION_MODE = wholemodule;
				SWIFT_OPTIMIZATION_LEVEL = "-O";
				VALIDATE_PRODUCT = YES;
			};
			name = Release;
		};
		D580059F2A93FF3C0071E62A /* Debug */ = {
			isa = XCBuildConfiguration;
			buildSettings = {
				ASSETCATALOG_COMPILER_APPICON_NAME = AppIcon;
				ASSETCATALOG_COMPILER_GLOBAL_ACCENT_COLOR_NAME = AccentColor;
				CODE_SIGN_STYLE = Automatic;
				CURRENT_PROJECT_VERSION = 1;
				DEVELOPMENT_TEAM = S3QSMGP9ZU;
				GENERATE_INFOPLIST_FILE = YES;
				INFOPLIST_FILE = RomoPlayer/Info.plist;
				INFOPLIST_KEY_CFBundleDisplayName = RomoPlayer;
				INFOPLIST_KEY_LSApplicationCategoryType = "public.app-category.music";
				INFOPLIST_KEY_NSAppleMusicUsageDescription = "the app needs to be allowed to play Media content";
				INFOPLIST_KEY_UIApplicationSupportsIndirectInputEvents = YES;
				INFOPLIST_KEY_UILaunchStoryboardName = LaunchScreen;
				INFOPLIST_KEY_UISupportedInterfaceOrientations_iPad = "UIInterfaceOrientationPortrait UIInterfaceOrientationPortraitUpsideDown UIInterfaceOrientationLandscapeLeft UIInterfaceOrientationLandscapeRight";
				INFOPLIST_KEY_UISupportedInterfaceOrientations_iPhone = "UIInterfaceOrientationPortrait UIInterfaceOrientationLandscapeLeft UIInterfaceOrientationLandscapeRight";
				LD_RUNPATH_SEARCH_PATHS = (
					"$(inherited)",
					"@executable_path/Frameworks",
				);
				MARKETING_VERSION = 1.0;
				PRODUCT_BUNDLE_IDENTIFIER = com.rouzbeh.RomoPlayer;
				PRODUCT_NAME = "$(TARGET_NAME)";
				SWIFT_EMIT_LOC_STRINGS = YES;
				SWIFT_VERSION = 5.0;
				TARGETED_DEVICE_FAMILY = "1,2";
			};
			name = Debug;
		};
		D58005A02A93FF3C0071E62A /* Release */ = {
			isa = XCBuildConfiguration;
			buildSettings = {
				ASSETCATALOG_COMPILER_APPICON_NAME = AppIcon;
				ASSETCATALOG_COMPILER_GLOBAL_ACCENT_COLOR_NAME = AccentColor;
				CODE_SIGN_STYLE = Automatic;
				CURRENT_PROJECT_VERSION = 1;
				DEVELOPMENT_TEAM = S3QSMGP9ZU;
				GENERATE_INFOPLIST_FILE = YES;
				INFOPLIST_FILE = RomoPlayer/Info.plist;
				INFOPLIST_KEY_CFBundleDisplayName = RomoPlayer;
				INFOPLIST_KEY_LSApplicationCategoryType = "public.app-category.music";
				INFOPLIST_KEY_NSAppleMusicUsageDescription = "the app needs to be allowed to play Media content";
				INFOPLIST_KEY_UIApplicationSupportsIndirectInputEvents = YES;
				INFOPLIST_KEY_UILaunchStoryboardName = LaunchScreen;
				INFOPLIST_KEY_UISupportedInterfaceOrientations_iPad = "UIInterfaceOrientationPortrait UIInterfaceOrientationPortraitUpsideDown UIInterfaceOrientationLandscapeLeft UIInterfaceOrientationLandscapeRight";
				INFOPLIST_KEY_UISupportedInterfaceOrientations_iPhone = "UIInterfaceOrientationPortrait UIInterfaceOrientationLandscapeLeft UIInterfaceOrientationLandscapeRight";
				LD_RUNPATH_SEARCH_PATHS = (
					"$(inherited)",
					"@executable_path/Frameworks",
				);
				MARKETING_VERSION = 1.0;
				PRODUCT_BUNDLE_IDENTIFIER = com.rouzbeh.RomoPlayer;
				PRODUCT_NAME = "$(TARGET_NAME)";
				SWIFT_EMIT_LOC_STRINGS = YES;
				SWIFT_VERSION = 5.0;
				TARGETED_DEVICE_FAMILY = "1,2";
			};
			name = Release;
		};
/* End XCBuildConfiguration section */

/* Begin XCConfigurationList section */
		D58005852A93FF3B0071E62A /* Build configuration list for PBXProject "RomoPlayer" */ = {
			isa = XCConfigurationList;
			buildConfigurations = (
				D580059C2A93FF3C0071E62A /* Debug */,
				D580059D2A93FF3C0071E62A /* Release */,
			);
			defaultConfigurationIsVisible = 0;
			defaultConfigurationName = Release;
		};
		D580059E2A93FF3C0071E62A /* Build configuration list for PBXNativeTarget "RomoPlayer" */ = {
			isa = XCConfigurationList;
			buildConfigurations = (
				D580059F2A93FF3C0071E62A /* Debug */,
				D58005A02A93FF3C0071E62A /* Release */,
			);
			defaultConfigurationIsVisible = 0;
			defaultConfigurationName = Release;
		};
/* End XCConfigurationList section */
	};
	rootObject = D58005822A93FF3B0071E62A /* Project object */;
}
